// !$*UTF8*$!
{
	archiveVersion = 1;
	classes = {
	};
	objectVersion = 50;
	objects = {

/* Begin PBXBuildFile section */
		065BF571240270F8002A02D4 /* UserImageCell.swift in Sources */ = {isa = PBXBuildFile; fileRef = 065BF570240270F8002A02D4 /* UserImageCell.swift */; };
		065BF5732402710A002A02D4 /* UserDetailCell.swift in Sources */ = {isa = PBXBuildFile; fileRef = 065BF5722402710A002A02D4 /* UserDetailCell.swift */; };
		065BF575240271E2002A02D4 /* DetailViewController.swift in Sources */ = {isa = PBXBuildFile; fileRef = 065BF574240271E2002A02D4 /* DetailViewController.swift */; };
		065BF5772402929C002A02D4 /* UIImageView+extension.swift in Sources */ = {isa = PBXBuildFile; fileRef = 065BF5762402929C002A02D4 /* UIImageView+extension.swift */; };
		065BF57B2402B1DB002A02D4 /* String+extension.swift in Sources */ = {isa = PBXBuildFile; fileRef = 065BF57A2402B1DB002A02D4 /* String+extension.swift */; };
		06FB18A823FE26AC009DA38B /* AppDelegate.swift in Sources */ = {isa = PBXBuildFile; fileRef = 06FB18A723FE26AC009DA38B /* AppDelegate.swift */; };
		06FB18AA23FE26AC009DA38B /* SceneDelegate.swift in Sources */ = {isa = PBXBuildFile; fileRef = 06FB18A923FE26AC009DA38B /* SceneDelegate.swift */; };
		06FB18AC23FE26AC009DA38B /* ViewController.swift in Sources */ = {isa = PBXBuildFile; fileRef = 06FB18AB23FE26AC009DA38B /* ViewController.swift */; };
		06FB18AF23FE26AC009DA38B /* Main.storyboard in Resources */ = {isa = PBXBuildFile; fileRef = 06FB18AD23FE26AC009DA38B /* Main.storyboard */; };
		06FB18B223FE26AC009DA38B /* RandomUserDemo.xcdatamodeld in Sources */ = {isa = PBXBuildFile; fileRef = 06FB18B023FE26AC009DA38B /* RandomUserDemo.xcdatamodeld */; };
		06FB18B423FE26B3009DA38B /* Assets.xcassets in Resources */ = {isa = PBXBuildFile; fileRef = 06FB18B323FE26B3009DA38B /* Assets.xcassets */; };
		06FB18B723FE26B3009DA38B /* LaunchScreen.storyboard in Resources */ = {isa = PBXBuildFile; fileRef = 06FB18B523FE26B3009DA38B /* LaunchScreen.storyboard */; };
		06FB18C223FE26B3009DA38B /* RandomUserDemoTests.swift in Sources */ = {isa = PBXBuildFile; fileRef = 06FB18C123FE26B3009DA38B /* RandomUserDemoTests.swift */; };
		06FB18CD23FE26B3009DA38B /* RandomUserDemoUITests.swift in Sources */ = {isa = PBXBuildFile; fileRef = 06FB18CC23FE26B3009DA38B /* RandomUserDemoUITests.swift */; };
		06FB18ED23FF8515009DA38B /* RandomUserApi.swift in Sources */ = {isa = PBXBuildFile; fileRef = 06FB18EC23FF8515009DA38B /* RandomUserApi.swift */; };
		06FB18F023FF85F8009DA38B /* PersistenceManager.swift in Sources */ = {isa = PBXBuildFile; fileRef = 06FB18EF23FF85F8009DA38B /* PersistenceManager.swift */; };
		06FB18F223FF8683009DA38B /* ContextManager.swift in Sources */ = {isa = PBXBuildFile; fileRef = 06FB18F123FF8683009DA38B /* ContextManager.swift */; };
		06FB18F423FF86BF009DA38B /* DatastoreCoordinator.swift in Sources */ = {isa = PBXBuildFile; fileRef = 06FB18F323FF86BF009DA38B /* DatastoreCoordinator.swift */; };
		06FB193323FFFF7A009DA38B /* NetworkingService.swift in Sources */ = {isa = PBXBuildFile; fileRef = 06FB193223FFFF7A009DA38B /* NetworkingService.swift */; };
		06FB19DE24000938009DA38B /* Name+CoreDataClass.swift in Sources */ = {isa = PBXBuildFile; fileRef = 06FB19C624000938009DA38B /* Name+CoreDataClass.swift */; };
		06FB19DF24000938009DA38B /* Location+CoreDataProperties.swift in Sources */ = {isa = PBXBuildFile; fileRef = 06FB19C724000938009DA38B /* Location+CoreDataProperties.swift */; };
		06FB19E024000938009DA38B /* Name+CoreDataProperties.swift in Sources */ = {isa = PBXBuildFile; fileRef = 06FB19C824000938009DA38B /* Name+CoreDataProperties.swift */; };
		06FB19E224000938009DA38B /* Id+CoreDataClass.swift in Sources */ = {isa = PBXBuildFile; fileRef = 06FB19CA24000938009DA38B /* Id+CoreDataClass.swift */; };
		06FB19E324000938009DA38B /* Picture+CoreDataProperties.swift in Sources */ = {isa = PBXBuildFile; fileRef = 06FB19CB24000938009DA38B /* Picture+CoreDataProperties.swift */; };
		06FB19E424000938009DA38B /* Street+CoreDataClass.swift in Sources */ = {isa = PBXBuildFile; fileRef = 06FB19CC24000938009DA38B /* Street+CoreDataClass.swift */; };
		06FB19E524000938009DA38B /* Login+CoreDataProperties.swift in Sources */ = {isa = PBXBuildFile; fileRef = 06FB19CD24000938009DA38B /* Login+CoreDataProperties.swift */; };
		06FB19E624000938009DA38B /* Coordinates+CoreDataClass.swift in Sources */ = {isa = PBXBuildFile; fileRef = 06FB19CE24000938009DA38B /* Coordinates+CoreDataClass.swift */; };
		06FB19E724000938009DA38B /* Coordinates+CoreDataProperties.swift in Sources */ = {isa = PBXBuildFile; fileRef = 06FB19CF24000938009DA38B /* Coordinates+CoreDataProperties.swift */; };
		06FB19E824000938009DA38B /* Location+CoreDataClass.swift in Sources */ = {isa = PBXBuildFile; fileRef = 06FB19D024000938009DA38B /* Location+CoreDataClass.swift */; };
		06FB19EA24000938009DA38B /* Picture+CoreDataClass.swift in Sources */ = {isa = PBXBuildFile; fileRef = 06FB19D224000938009DA38B /* Picture+CoreDataClass.swift */; };
		06FB19EB24000938009DA38B /* Street+CoreDataProperties.swift in Sources */ = {isa = PBXBuildFile; fileRef = 06FB19D324000938009DA38B /* Street+CoreDataProperties.swift */; };
		06FB19EC24000938009DA38B /* Page+CoreDataProperties.swift in Sources */ = {isa = PBXBuildFile; fileRef = 06FB19D424000938009DA38B /* Page+CoreDataProperties.swift */; };
		06FB19ED24000938009DA38B /* Timezone+CoreDataClass.swift in Sources */ = {isa = PBXBuildFile; fileRef = 06FB19D524000938009DA38B /* Timezone+CoreDataClass.swift */; };
		06FB19EE24000938009DA38B /* User+CoreDataProperties.swift in Sources */ = {isa = PBXBuildFile; fileRef = 06FB19D624000938009DA38B /* User+CoreDataProperties.swift */; };
		06FB19EF24000938009DA38B /* Page+CoreDataClass.swift in Sources */ = {isa = PBXBuildFile; fileRef = 06FB19D724000938009DA38B /* Page+CoreDataClass.swift */; };
		06FB19F024000938009DA38B /* Id+CoreDataProperties.swift in Sources */ = {isa = PBXBuildFile; fileRef = 06FB19D824000938009DA38B /* Id+CoreDataProperties.swift */; };
		06FB19F124000938009DA38B /* Login+CoreDataClass.swift in Sources */ = {isa = PBXBuildFile; fileRef = 06FB19D924000938009DA38B /* Login+CoreDataClass.swift */; };
		06FB19F324000938009DA38B /* User+CoreDataClass.swift in Sources */ = {isa = PBXBuildFile; fileRef = 06FB19DB24000938009DA38B /* User+CoreDataClass.swift */; };
		06FB19F524000938009DA38B /* Timezone+CoreDataProperties.swift in Sources */ = {isa = PBXBuildFile; fileRef = 06FB19DD24000938009DA38B /* Timezone+CoreDataProperties.swift */; };
		06FB19FA24008916009DA38B /* RemoteReplicator.swift in Sources */ = {isa = PBXBuildFile; fileRef = 06FB19F924008916009DA38B /* RemoteReplicator.swift */; };
		06FB1A0724011764009DA38B /* DateOfBirth+CoreDataProperties.swift in Sources */ = {isa = PBXBuildFile; fileRef = 06FB1A0324011763009DA38B /* DateOfBirth+CoreDataProperties.swift */; };
		06FB1A0924011764009DA38B /* DateOfBirth+CoreDataClass.swift in Sources */ = {isa = PBXBuildFile; fileRef = 06FB1A0524011764009DA38B /* DateOfBirth+CoreDataClass.swift */; };
		06FB1A192401438C009DA38B /* DateFormatter.swift in Sources */ = {isa = PBXBuildFile; fileRef = 06FB1A182401438C009DA38B /* DateFormatter.swift */; };
		06FB1A1D2401B179009DA38B /* UserTableViewCell.swift in Sources */ = {isa = PBXBuildFile; fileRef = 06FB1A1C2401B179009DA38B /* UserTableViewCell.swift */; };
/* End PBXBuildFile section */

/* Begin PBXContainerItemProxy section */
		06FB18BE23FE26B3009DA38B /* PBXContainerItemProxy */ = {
			isa = PBXContainerItemProxy;
			containerPortal = 06FB189C23FE26AB009DA38B /* Project object */;
			proxyType = 1;
			remoteGlobalIDString = 06FB18A323FE26AC009DA38B;
			remoteInfo = RandomUserDemo;
		};
		06FB18C923FE26B3009DA38B /* PBXContainerItemProxy */ = {
			isa = PBXContainerItemProxy;
			containerPortal = 06FB189C23FE26AB009DA38B /* Project object */;
			proxyType = 1;
			remoteGlobalIDString = 06FB18A323FE26AC009DA38B;
			remoteInfo = RandomUserDemo;
		};
/* End PBXContainerItemProxy section */

/* Begin PBXFileReference section */
		065BF570240270F8002A02D4 /* UserImageCell.swift */ = {isa = PBXFileReference; lastKnownFileType = sourcecode.swift; path = UserImageCell.swift; sourceTree = "<group>"; };
		065BF5722402710A002A02D4 /* UserDetailCell.swift */ = {isa = PBXFileReference; lastKnownFileType = sourcecode.swift; path = UserDetailCell.swift; sourceTree = "<group>"; };
		065BF574240271E2002A02D4 /* DetailViewController.swift */ = {isa = PBXFileReference; lastKnownFileType = sourcecode.swift; path = DetailViewController.swift; sourceTree = "<group>"; };
		065BF5762402929C002A02D4 /* UIImageView+extension.swift */ = {isa = PBXFileReference; lastKnownFileType = sourcecode.swift; path = "UIImageView+extension.swift"; sourceTree = "<group>"; };
		065BF57A2402B1DB002A02D4 /* String+extension.swift */ = {isa = PBXFileReference; lastKnownFileType = sourcecode.swift; path = "String+extension.swift"; sourceTree = "<group>"; };
		06FB18A423FE26AC009DA38B /* RandomUserDemo.app */ = {isa = PBXFileReference; explicitFileType = wrapper.application; includeInIndex = 0; path = RandomUserDemo.app; sourceTree = BUILT_PRODUCTS_DIR; };
		06FB18A723FE26AC009DA38B /* AppDelegate.swift */ = {isa = PBXFileReference; lastKnownFileType = sourcecode.swift; path = AppDelegate.swift; sourceTree = "<group>"; };
		06FB18A923FE26AC009DA38B /* SceneDelegate.swift */ = {isa = PBXFileReference; lastKnownFileType = sourcecode.swift; path = SceneDelegate.swift; sourceTree = "<group>"; };
		06FB18AB23FE26AC009DA38B /* ViewController.swift */ = {isa = PBXFileReference; lastKnownFileType = sourcecode.swift; path = ViewController.swift; sourceTree = "<group>"; };
		06FB18AE23FE26AC009DA38B /* Base */ = {isa = PBXFileReference; lastKnownFileType = file.storyboard; name = Base; path = Base.lproj/Main.storyboard; sourceTree = "<group>"; };
		06FB18B123FE26AC009DA38B /* RandomUserDemo.xcdatamodel */ = {isa = PBXFileReference; lastKnownFileType = wrapper.xcdatamodel; path = RandomUserDemo.xcdatamodel; sourceTree = "<group>"; };
		06FB18B323FE26B3009DA38B /* Assets.xcassets */ = {isa = PBXFileReference; lastKnownFileType = folder.assetcatalog; path = Assets.xcassets; sourceTree = "<group>"; };
		06FB18B623FE26B3009DA38B /* Base */ = {isa = PBXFileReference; lastKnownFileType = file.storyboard; name = Base; path = Base.lproj/LaunchScreen.storyboard; sourceTree = "<group>"; };
		06FB18B823FE26B3009DA38B /* Info.plist */ = {isa = PBXFileReference; lastKnownFileType = text.plist.xml; path = Info.plist; sourceTree = "<group>"; };
		06FB18BD23FE26B3009DA38B /* RandomUserDemoTests.xctest */ = {isa = PBXFileReference; explicitFileType = wrapper.cfbundle; includeInIndex = 0; path = RandomUserDemoTests.xctest; sourceTree = BUILT_PRODUCTS_DIR; };
		06FB18C123FE26B3009DA38B /* RandomUserDemoTests.swift */ = {isa = PBXFileReference; lastKnownFileType = sourcecode.swift; path = RandomUserDemoTests.swift; sourceTree = "<group>"; };
		06FB18C323FE26B3009DA38B /* Info.plist */ = {isa = PBXFileReference; lastKnownFileType = text.plist.xml; path = Info.plist; sourceTree = "<group>"; };
		06FB18C823FE26B3009DA38B /* RandomUserDemoUITests.xctest */ = {isa = PBXFileReference; explicitFileType = wrapper.cfbundle; includeInIndex = 0; path = RandomUserDemoUITests.xctest; sourceTree = BUILT_PRODUCTS_DIR; };
		06FB18CC23FE26B3009DA38B /* RandomUserDemoUITests.swift */ = {isa = PBXFileReference; lastKnownFileType = sourcecode.swift; path = RandomUserDemoUITests.swift; sourceTree = "<group>"; };
		06FB18CE23FE26B3009DA38B /* Info.plist */ = {isa = PBXFileReference; lastKnownFileType = text.plist.xml; path = Info.plist; sourceTree = "<group>"; };
		06FB18DA23FE2712009DA38B /* MindMap.playground */ = {isa = PBXFileReference; lastKnownFileType = file.playground; path = MindMap.playground; sourceTree = "<group>"; xcLanguageSpecificationIdentifier = xcode.lang.swift; };
		06FB18EC23FF8515009DA38B /* RandomUserApi.swift */ = {isa = PBXFileReference; lastKnownFileType = sourcecode.swift; path = RandomUserApi.swift; sourceTree = "<group>"; };
		06FB18EF23FF85F8009DA38B /* PersistenceManager.swift */ = {isa = PBXFileReference; lastKnownFileType = sourcecode.swift; path = PersistenceManager.swift; sourceTree = "<group>"; };
		06FB18F123FF8683009DA38B /* ContextManager.swift */ = {isa = PBXFileReference; lastKnownFileType = sourcecode.swift; path = ContextManager.swift; sourceTree = "<group>"; };
		06FB18F323FF86BF009DA38B /* DatastoreCoordinator.swift */ = {isa = PBXFileReference; lastKnownFileType = sourcecode.swift; path = DatastoreCoordinator.swift; sourceTree = "<group>"; };
		06FB193223FFFF7A009DA38B /* NetworkingService.swift */ = {isa = PBXFileReference; lastKnownFileType = sourcecode.swift; path = NetworkingService.swift; sourceTree = "<group>"; };
		06FB19C624000938009DA38B /* Name+CoreDataClass.swift */ = {isa = PBXFileReference; fileEncoding = 4; lastKnownFileType = sourcecode.swift; path = "Name+CoreDataClass.swift"; sourceTree = "<group>"; };
		06FB19C724000938009DA38B /* Location+CoreDataProperties.swift */ = {isa = PBXFileReference; fileEncoding = 4; lastKnownFileType = sourcecode.swift; path = "Location+CoreDataProperties.swift"; sourceTree = "<group>"; };
		06FB19C824000938009DA38B /* Name+CoreDataProperties.swift */ = {isa = PBXFileReference; fileEncoding = 4; lastKnownFileType = sourcecode.swift; path = "Name+CoreDataProperties.swift"; sourceTree = "<group>"; };
		06FB19CA24000938009DA38B /* Id+CoreDataClass.swift */ = {isa = PBXFileReference; fileEncoding = 4; lastKnownFileType = sourcecode.swift; path = "Id+CoreDataClass.swift"; sourceTree = "<group>"; };
		06FB19CB24000938009DA38B /* Picture+CoreDataProperties.swift */ = {isa = PBXFileReference; fileEncoding = 4; lastKnownFileType = sourcecode.swift; path = "Picture+CoreDataProperties.swift"; sourceTree = "<group>"; };
		06FB19CC24000938009DA38B /* Street+CoreDataClass.swift */ = {isa = PBXFileReference; fileEncoding = 4; lastKnownFileType = sourcecode.swift; path = "Street+CoreDataClass.swift"; sourceTree = "<group>"; };
		06FB19CD24000938009DA38B /* Login+CoreDataProperties.swift */ = {isa = PBXFileReference; fileEncoding = 4; lastKnownFileType = sourcecode.swift; path = "Login+CoreDataProperties.swift"; sourceTree = "<group>"; };
		06FB19CE24000938009DA38B /* Coordinates+CoreDataClass.swift */ = {isa = PBXFileReference; fileEncoding = 4; lastKnownFileType = sourcecode.swift; path = "Coordinates+CoreDataClass.swift"; sourceTree = "<group>"; };
		06FB19CF24000938009DA38B /* Coordinates+CoreDataProperties.swift */ = {isa = PBXFileReference; fileEncoding = 4; lastKnownFileType = sourcecode.swift; path = "Coordinates+CoreDataProperties.swift"; sourceTree = "<group>"; };
		06FB19D024000938009DA38B /* Location+CoreDataClass.swift */ = {isa = PBXFileReference; fileEncoding = 4; lastKnownFileType = sourcecode.swift; path = "Location+CoreDataClass.swift"; sourceTree = "<group>"; };
		06FB19D224000938009DA38B /* Picture+CoreDataClass.swift */ = {isa = PBXFileReference; fileEncoding = 4; lastKnownFileType = sourcecode.swift; path = "Picture+CoreDataClass.swift"; sourceTree = "<group>"; };
		06FB19D324000938009DA38B /* Street+CoreDataProperties.swift */ = {isa = PBXFileReference; fileEncoding = 4; lastKnownFileType = sourcecode.swift; path = "Street+CoreDataProperties.swift"; sourceTree = "<group>"; };
		06FB19D424000938009DA38B /* Page+CoreDataProperties.swift */ = {isa = PBXFileReference; fileEncoding = 4; lastKnownFileType = sourcecode.swift; path = "Page+CoreDataProperties.swift"; sourceTree = "<group>"; };
		06FB19D524000938009DA38B /* Timezone+CoreDataClass.swift */ = {isa = PBXFileReference; fileEncoding = 4; lastKnownFileType = sourcecode.swift; path = "Timezone+CoreDataClass.swift"; sourceTree = "<group>"; };
		06FB19D624000938009DA38B /* User+CoreDataProperties.swift */ = {isa = PBXFileReference; fileEncoding = 4; lastKnownFileType = sourcecode.swift; path = "User+CoreDataProperties.swift"; sourceTree = "<group>"; };
		06FB19D724000938009DA38B /* Page+CoreDataClass.swift */ = {isa = PBXFileReference; fileEncoding = 4; lastKnownFileType = sourcecode.swift; path = "Page+CoreDataClass.swift"; sourceTree = "<group>"; };
		06FB19D824000938009DA38B /* Id+CoreDataProperties.swift */ = {isa = PBXFileReference; fileEncoding = 4; lastKnownFileType = sourcecode.swift; path = "Id+CoreDataProperties.swift"; sourceTree = "<group>"; };
		06FB19D924000938009DA38B /* Login+CoreDataClass.swift */ = {isa = PBXFileReference; fileEncoding = 4; lastKnownFileType = sourcecode.swift; path = "Login+CoreDataClass.swift"; sourceTree = "<group>"; };
		06FB19DB24000938009DA38B /* User+CoreDataClass.swift */ = {isa = PBXFileReference; fileEncoding = 4; lastKnownFileType = sourcecode.swift; path = "User+CoreDataClass.swift"; sourceTree = "<group>"; };
		06FB19DD24000938009DA38B /* Timezone+CoreDataProperties.swift */ = {isa = PBXFileReference; fileEncoding = 4; lastKnownFileType = sourcecode.swift; path = "Timezone+CoreDataProperties.swift"; sourceTree = "<group>"; };
		06FB19F924008916009DA38B /* RemoteReplicator.swift */ = {isa = PBXFileReference; lastKnownFileType = sourcecode.swift; path = RemoteReplicator.swift; sourceTree = "<group>"; };
		06FB1A0324011763009DA38B /* DateOfBirth+CoreDataProperties.swift */ = {isa = PBXFileReference; fileEncoding = 4; lastKnownFileType = sourcecode.swift; path = "DateOfBirth+CoreDataProperties.swift"; sourceTree = "<group>"; };
		06FB1A0524011764009DA38B /* DateOfBirth+CoreDataClass.swift */ = {isa = PBXFileReference; fileEncoding = 4; lastKnownFileType = sourcecode.swift; path = "DateOfBirth+CoreDataClass.swift"; sourceTree = "<group>"; };
		06FB1A182401438C009DA38B /* DateFormatter.swift */ = {isa = PBXFileReference; lastKnownFileType = sourcecode.swift; path = DateFormatter.swift; sourceTree = "<group>"; };
		06FB1A1C2401B179009DA38B /* UserTableViewCell.swift */ = {isa = PBXFileReference; lastKnownFileType = sourcecode.swift; path = UserTableViewCell.swift; sourceTree = "<group>"; };
/* End PBXFileReference section */

/* Begin PBXFrameworksBuildPhase section */
		06FB18A123FE26AC009DA38B /* Frameworks */ = {
			isa = PBXFrameworksBuildPhase;
			buildActionMask = 2147483647;
			files = (
			);
			runOnlyForDeploymentPostprocessing = 0;
		};
		06FB18BA23FE26B3009DA38B /* Frameworks */ = {
			isa = PBXFrameworksBuildPhase;
			buildActionMask = 2147483647;
			files = (
			);
			runOnlyForDeploymentPostprocessing = 0;
		};
		06FB18C523FE26B3009DA38B /* Frameworks */ = {
			isa = PBXFrameworksBuildPhase;
			buildActionMask = 2147483647;
			files = (
			);
			runOnlyForDeploymentPostprocessing = 0;
		};
/* End PBXFrameworksBuildPhase section */

/* Begin PBXGroup section */
		06FB189B23FE26AB009DA38B = {
			isa = PBXGroup;
			children = (
				06FB18A623FE26AC009DA38B /* RandomUserDemo */,
				06FB18C023FE26B3009DA38B /* RandomUserDemoTests */,
				06FB18CB23FE26B3009DA38B /* RandomUserDemoUITests */,
				06FB18A523FE26AC009DA38B /* Products */,
			);
			sourceTree = "<group>";
		};
		06FB18A523FE26AC009DA38B /* Products */ = {
			isa = PBXGroup;
			children = (
				06FB18A423FE26AC009DA38B /* RandomUserDemo.app */,
				06FB18BD23FE26B3009DA38B /* RandomUserDemoTests.xctest */,
				06FB18C823FE26B3009DA38B /* RandomUserDemoUITests.xctest */,
			);
			name = Products;
			sourceTree = "<group>";
		};
		06FB18A623FE26AC009DA38B /* RandomUserDemo */ = {
			isa = PBXGroup;
			children = (
				06FB18E523FE609C009DA38B /* Controller */,
				06FB18E423FE6084009DA38B /* View */,
				06FB18E323FE607B009DA38B /* Model */,
				06FB18A723FE26AC009DA38B /* AppDelegate.swift */,
				06FB18A923FE26AC009DA38B /* SceneDelegate.swift */,
				06FB18AD23FE26AC009DA38B /* Main.storyboard */,
				06FB18B323FE26B3009DA38B /* Assets.xcassets */,
				06FB18B523FE26B3009DA38B /* LaunchScreen.storyboard */,
				06FB18B823FE26B3009DA38B /* Info.plist */,
				06FB18B023FE26AC009DA38B /* RandomUserDemo.xcdatamodeld */,
				06FB18DA23FE2712009DA38B /* MindMap.playground */,
			);
			path = RandomUserDemo;
			sourceTree = "<group>";
		};
		06FB18C023FE26B3009DA38B /* RandomUserDemoTests */ = {
			isa = PBXGroup;
			children = (
				06FB18C123FE26B3009DA38B /* RandomUserDemoTests.swift */,
				06FB18C323FE26B3009DA38B /* Info.plist */,
			);
			path = RandomUserDemoTests;
			sourceTree = "<group>";
		};
		06FB18CB23FE26B3009DA38B /* RandomUserDemoUITests */ = {
			isa = PBXGroup;
			children = (
				06FB18CC23FE26B3009DA38B /* RandomUserDemoUITests.swift */,
				06FB18CE23FE26B3009DA38B /* Info.plist */,
			);
			path = RandomUserDemoUITests;
			sourceTree = "<group>";
		};
		06FB18E323FE607B009DA38B /* Model */ = {
			isa = PBXGroup;
			children = (
				06FB1A1724014331009DA38B /* Util */,
				06FB19F6240088D8009DA38B /* Replicator */,
				06FB193123FFFF4F009DA38B /* Networking */,
				06FB18EE23FF85E0009DA38B /* CoreData */,
				06FB18EB23FF84F5009DA38B /* API */,
			);
			path = Model;
			sourceTree = "<group>";
		};
		06FB18E423FE6084009DA38B /* View */ = {
			isa = PBXGroup;
			children = (
				06FB1A1C2401B179009DA38B /* UserTableViewCell.swift */,
				065BF570240270F8002A02D4 /* UserImageCell.swift */,
				065BF5722402710A002A02D4 /* UserDetailCell.swift */,
			);
			path = View;
			sourceTree = "<group>";
		};
		06FB18E523FE609C009DA38B /* Controller */ = {
			isa = PBXGroup;
			children = (
				06FB18AB23FE26AC009DA38B /* ViewController.swift */,
				065BF574240271E2002A02D4 /* DetailViewController.swift */,
			);
			path = Controller;
			sourceTree = "<group>";
		};
		06FB18EB23FF84F5009DA38B /* API */ = {
			isa = PBXGroup;
			children = (
				06FB18EC23FF8515009DA38B /* RandomUserApi.swift */,
			);
			path = API;
			sourceTree = "<group>";
		};
		06FB18EE23FF85E0009DA38B /* CoreData */ = {
			isa = PBXGroup;
			children = (
				06FB19C524000938009DA38B /* CoreDataClasses */,
				06FB18EF23FF85F8009DA38B /* PersistenceManager.swift */,
				06FB18F123FF8683009DA38B /* ContextManager.swift */,
				06FB18F323FF86BF009DA38B /* DatastoreCoordinator.swift */,
			);
			path = CoreData;
			sourceTree = "<group>";
		};
		06FB193123FFFF4F009DA38B /* Networking */ = {
			isa = PBXGroup;
			children = (
				06FB193223FFFF7A009DA38B /* NetworkingService.swift */,
			);
			path = Networking;
			sourceTree = "<group>";
		};
		06FB19C524000938009DA38B /* CoreDataClasses */ = {
			isa = PBXGroup;
			children = (
				06FB1A0524011764009DA38B /* DateOfBirth+CoreDataClass.swift */,
				06FB1A0324011763009DA38B /* DateOfBirth+CoreDataProperties.swift */,
				06FB19C624000938009DA38B /* Name+CoreDataClass.swift */,
				06FB19C724000938009DA38B /* Location+CoreDataProperties.swift */,
				06FB19C824000938009DA38B /* Name+CoreDataProperties.swift */,
				06FB19CA24000938009DA38B /* Id+CoreDataClass.swift */,
				06FB19CB24000938009DA38B /* Picture+CoreDataProperties.swift */,
				06FB19CC24000938009DA38B /* Street+CoreDataClass.swift */,
				06FB19CD24000938009DA38B /* Login+CoreDataProperties.swift */,
				06FB19CE24000938009DA38B /* Coordinates+CoreDataClass.swift */,
				06FB19CF24000938009DA38B /* Coordinates+CoreDataProperties.swift */,
				06FB19D024000938009DA38B /* Location+CoreDataClass.swift */,
				06FB19D224000938009DA38B /* Picture+CoreDataClass.swift */,
				06FB19D324000938009DA38B /* Street+CoreDataProperties.swift */,
				06FB19D424000938009DA38B /* Page+CoreDataProperties.swift */,
				06FB19D524000938009DA38B /* Timezone+CoreDataClass.swift */,
				06FB19D624000938009DA38B /* User+CoreDataProperties.swift */,
				06FB19D724000938009DA38B /* Page+CoreDataClass.swift */,
				06FB19D824000938009DA38B /* Id+CoreDataProperties.swift */,
				06FB19D924000938009DA38B /* Login+CoreDataClass.swift */,
				06FB19DB24000938009DA38B /* User+CoreDataClass.swift */,
				06FB19DD24000938009DA38B /* Timezone+CoreDataProperties.swift */,
			);
			path = CoreDataClasses;
			sourceTree = "<group>";
		};
		06FB19F6240088D8009DA38B /* Replicator */ = {
			isa = PBXGroup;
			children = (
				06FB19F924008916009DA38B /* RemoteReplicator.swift */,
			);
			path = Replicator;
			sourceTree = "<group>";
		};
		06FB1A1724014331009DA38B /* Util */ = {
			isa = PBXGroup;
			children = (
				06FB1A182401438C009DA38B /* DateFormatter.swift */,
				065BF5762402929C002A02D4 /* UIImageView+extension.swift */,
				065BF57A2402B1DB002A02D4 /* String+extension.swift */,
			);
			path = Util;
			sourceTree = "<group>";
		};
/* End PBXGroup section */

/* Begin PBXNativeTarget section */
		06FB18A323FE26AC009DA38B /* RandomUserDemo */ = {
			isa = PBXNativeTarget;
			buildConfigurationList = 06FB18D123FE26B4009DA38B /* Build configuration list for PBXNativeTarget "RandomUserDemo" */;
			buildPhases = (
				06FB18A023FE26AC009DA38B /* Sources */,
				06FB18A123FE26AC009DA38B /* Frameworks */,
				06FB18A223FE26AC009DA38B /* Resources */,
			);
			buildRules = (
			);
			dependencies = (
			);
			name = RandomUserDemo;
			productName = RandomUserDemo;
			productReference = 06FB18A423FE26AC009DA38B /* RandomUserDemo.app */;
			productType = "com.apple.product-type.application";
		};
		06FB18BC23FE26B3009DA38B /* RandomUserDemoTests */ = {
			isa = PBXNativeTarget;
			buildConfigurationList = 06FB18D423FE26B4009DA38B /* Build configuration list for PBXNativeTarget "RandomUserDemoTests" */;
			buildPhases = (
				06FB18B923FE26B3009DA38B /* Sources */,
				06FB18BA23FE26B3009DA38B /* Frameworks */,
				06FB18BB23FE26B3009DA38B /* Resources */,
			);
			buildRules = (
			);
			dependencies = (
				06FB18BF23FE26B3009DA38B /* PBXTargetDependency */,
			);
			name = RandomUserDemoTests;
			productName = RandomUserDemoTests;
			productReference = 06FB18BD23FE26B3009DA38B /* RandomUserDemoTests.xctest */;
			productType = "com.apple.product-type.bundle.unit-test";
		};
		06FB18C723FE26B3009DA38B /* RandomUserDemoUITests */ = {
			isa = PBXNativeTarget;
			buildConfigurationList = 06FB18D723FE26B4009DA38B /* Build configuration list for PBXNativeTarget "RandomUserDemoUITests" */;
			buildPhases = (
				06FB18C423FE26B3009DA38B /* Sources */,
				06FB18C523FE26B3009DA38B /* Frameworks */,
				06FB18C623FE26B3009DA38B /* Resources */,
			);
			buildRules = (
			);
			dependencies = (
				06FB18CA23FE26B3009DA38B /* PBXTargetDependency */,
			);
			name = RandomUserDemoUITests;
			productName = RandomUserDemoUITests;
			productReference = 06FB18C823FE26B3009DA38B /* RandomUserDemoUITests.xctest */;
			productType = "com.apple.product-type.bundle.ui-testing";
		};
/* End PBXNativeTarget section */

/* Begin PBXProject section */
		06FB189C23FE26AB009DA38B /* Project object */ = {
			isa = PBXProject;
			attributes = {
				LastSwiftUpdateCheck = 1130;
				LastUpgradeCheck = 1130;
				ORGANIZATIONNAME = "Paresh Kacha";
				TargetAttributes = {
					06FB18A323FE26AC009DA38B = {
						CreatedOnToolsVersion = 11.3;
					};
					06FB18BC23FE26B3009DA38B = {
						CreatedOnToolsVersion = 11.3;
						TestTargetID = 06FB18A323FE26AC009DA38B;
					};
					06FB18C723FE26B3009DA38B = {
						CreatedOnToolsVersion = 11.3;
						TestTargetID = 06FB18A323FE26AC009DA38B;
					};
				};
			};
			buildConfigurationList = 06FB189F23FE26AB009DA38B /* Build configuration list for PBXProject "RandomUserDemo" */;
			compatibilityVersion = "Xcode 9.3";
			developmentRegion = en;
			hasScannedForEncodings = 0;
			knownRegions = (
				en,
				Base,
			);
			mainGroup = 06FB189B23FE26AB009DA38B;
			productRefGroup = 06FB18A523FE26AC009DA38B /* Products */;
			projectDirPath = "";
			projectRoot = "";
			targets = (
				06FB18A323FE26AC009DA38B /* RandomUserDemo */,
				06FB18BC23FE26B3009DA38B /* RandomUserDemoTests */,
				06FB18C723FE26B3009DA38B /* RandomUserDemoUITests */,
			);
		};
/* End PBXProject section */

/* Begin PBXResourcesBuildPhase section */
		06FB18A223FE26AC009DA38B /* Resources */ = {
			isa = PBXResourcesBuildPhase;
			buildActionMask = 2147483647;
			files = (
				06FB18B723FE26B3009DA38B /* LaunchScreen.storyboard in Resources */,
				06FB18B423FE26B3009DA38B /* Assets.xcassets in Resources */,
				06FB18AF23FE26AC009DA38B /* Main.storyboard in Resources */,
			);
			runOnlyForDeploymentPostprocessing = 0;
		};
		06FB18BB23FE26B3009DA38B /* Resources */ = {
			isa = PBXResourcesBuildPhase;
			buildActionMask = 2147483647;
			files = (
			);
			runOnlyForDeploymentPostprocessing = 0;
		};
		06FB18C623FE26B3009DA38B /* Resources */ = {
			isa = PBXResourcesBuildPhase;
			buildActionMask = 2147483647;
			files = (
			);
			runOnlyForDeploymentPostprocessing = 0;
		};
/* End PBXResourcesBuildPhase section */

/* Begin PBXSourcesBuildPhase section */
		06FB18A023FE26AC009DA38B /* Sources */ = {
			isa = PBXSourcesBuildPhase;
			buildActionMask = 2147483647;
			files = (
				065BF575240271E2002A02D4 /* DetailViewController.swift in Sources */,
				06FB19DE24000938009DA38B /* Name+CoreDataClass.swift in Sources */,
				065BF571240270F8002A02D4 /* UserImageCell.swift in Sources */,
				06FB18ED23FF8515009DA38B /* RandomUserApi.swift in Sources */,
				06FB19E224000938009DA38B /* Id+CoreDataClass.swift in Sources */,
				06FB1A1D2401B179009DA38B /* UserTableViewCell.swift in Sources */,
				06FB1A0924011764009DA38B /* DateOfBirth+CoreDataClass.swift in Sources */,
				06FB18F223FF8683009DA38B /* ContextManager.swift in Sources */,
				06FB18B223FE26AC009DA38B /* RandomUserDemo.xcdatamodeld in Sources */,
				06FB19E024000938009DA38B /* Name+CoreDataProperties.swift in Sources */,
				06FB19DF24000938009DA38B /* Location+CoreDataProperties.swift in Sources */,
				06FB19F324000938009DA38B /* User+CoreDataClass.swift in Sources */,
				06FB19F024000938009DA38B /* Id+CoreDataProperties.swift in Sources */,
				06FB19FA24008916009DA38B /* RemoteReplicator.swift in Sources */,
				06FB193323FFFF7A009DA38B /* NetworkingService.swift in Sources */,
				06FB1A0724011764009DA38B /* DateOfBirth+CoreDataProperties.swift in Sources */,
				06FB19EE24000938009DA38B /* User+CoreDataProperties.swift in Sources */,
				065BF5772402929C002A02D4 /* UIImageView+extension.swift in Sources */,
				065BF5732402710A002A02D4 /* UserDetailCell.swift in Sources */,
				06FB19EF24000938009DA38B /* Page+CoreDataClass.swift in Sources */,
				06FB18AC23FE26AC009DA38B /* ViewController.swift in Sources */,
				06FB18A823FE26AC009DA38B /* AppDelegate.swift in Sources */,
				06FB19E524000938009DA38B /* Login+CoreDataProperties.swift in Sources */,
				06FB19EA24000938009DA38B /* Picture+CoreDataClass.swift in Sources */,
				06FB19E724000938009DA38B /* Coordinates+CoreDataProperties.swift in Sources */,
				06FB1A192401438C009DA38B /* DateFormatter.swift in Sources */,
				06FB19ED24000938009DA38B /* Timezone+CoreDataClass.swift in Sources */,
				06FB19EC24000938009DA38B /* Page+CoreDataProperties.swift in Sources */,
				06FB18F423FF86BF009DA38B /* DatastoreCoordinator.swift in Sources */,
				06FB19F124000938009DA38B /* Login+CoreDataClass.swift in Sources */,
				06FB18F023FF85F8009DA38B /* PersistenceManager.swift in Sources */,
				06FB18AA23FE26AC009DA38B /* SceneDelegate.swift in Sources */,
				06FB19E324000938009DA38B /* Picture+CoreDataProperties.swift in Sources */,
				06FB19EB24000938009DA38B /* Street+CoreDataProperties.swift in Sources */,
				06FB19F524000938009DA38B /* Timezone+CoreDataProperties.swift in Sources */,
				06FB19E624000938009DA38B /* Coordinates+CoreDataClass.swift in Sources */,
				06FB19E424000938009DA38B /* Street+CoreDataClass.swift in Sources */,
				06FB19E824000938009DA38B /* Location+CoreDataClass.swift in Sources */,
				065BF57B2402B1DB002A02D4 /* String+extension.swift in Sources */,
			);
			runOnlyForDeploymentPostprocessing = 0;
		};
		06FB18B923FE26B3009DA38B /* Sources */ = {
			isa = PBXSourcesBuildPhase;
			buildActionMask = 2147483647;
			files = (
				06FB18C223FE26B3009DA38B /* RandomUserDemoTests.swift in Sources */,
			);
			runOnlyForDeploymentPostprocessing = 0;
		};
		06FB18C423FE26B3009DA38B /* Sources */ = {
			isa = PBXSourcesBuildPhase;
			buildActionMask = 2147483647;
			files = (
				06FB18CD23FE26B3009DA38B /* RandomUserDemoUITests.swift in Sources */,
			);
			runOnlyForDeploymentPostprocessing = 0;
		};
/* End PBXSourcesBuildPhase section */

/* Begin PBXTargetDependency section */
		06FB18BF23FE26B3009DA38B /* PBXTargetDependency */ = {
			isa = PBXTargetDependency;
			target = 06FB18A323FE26AC009DA38B /* RandomUserDemo */;
			targetProxy = 06FB18BE23FE26B3009DA38B /* PBXContainerItemProxy */;
		};
		06FB18CA23FE26B3009DA38B /* PBXTargetDependency */ = {
			isa = PBXTargetDependency;
			target = 06FB18A323FE26AC009DA38B /* RandomUserDemo */;
			targetProxy = 06FB18C923FE26B3009DA38B /* PBXContainerItemProxy */;
		};
/* End PBXTargetDependency section */

/* Begin PBXVariantGroup section */
		06FB18AD23FE26AC009DA38B /* Main.storyboard */ = {
			isa = PBXVariantGroup;
			children = (
				06FB18AE23FE26AC009DA38B /* Base */,
			);
			name = Main.storyboard;
			sourceTree = "<group>";
		};
		06FB18B523FE26B3009DA38B /* LaunchScreen.storyboard */ = {
			isa = PBXVariantGroup;
			children = (
				06FB18B623FE26B3009DA38B /* Base */,
			);
			name = LaunchScreen.storyboard;
			sourceTree = "<group>";
		};
/* End PBXVariantGroup section */

/* Begin XCBuildConfiguration section */
		06FB18CF23FE26B3009DA38B /* Debug */ = {
			isa = XCBuildConfiguration;
			buildSettings = {
				ALWAYS_SEARCH_USER_PATHS = NO;
				CLANG_ANALYZER_NONNULL = YES;
				CLANG_ANALYZER_NUMBER_OBJECT_CONVERSION = YES_AGGRESSIVE;
				CLANG_CXX_LANGUAGE_STANDARD = "gnu++14";
				CLANG_CXX_LIBRARY = "libc++";
				CLANG_ENABLE_MODULES = YES;
				CLANG_ENABLE_OBJC_ARC = YES;
				CLANG_ENABLE_OBJC_WEAK = YES;
				CLANG_WARN_BLOCK_CAPTURE_AUTORELEASING = YES;
				CLANG_WARN_BOOL_CONVERSION = YES;
				CLANG_WARN_COMMA = YES;
				CLANG_WARN_CONSTANT_CONVERSION = YES;
				CLANG_WARN_DEPRECATED_OBJC_IMPLEMENTATIONS = YES;
				CLANG_WARN_DIRECT_OBJC_ISA_USAGE = YES_ERROR;
				CLANG_WARN_DOCUMENTATION_COMMENTS = YES;
				CLANG_WARN_EMPTY_BODY = YES;
				CLANG_WARN_ENUM_CONVERSION = YES;
				CLANG_WARN_INFINITE_RECURSION = YES;
				CLANG_WARN_INT_CONVERSION = YES;
				CLANG_WARN_NON_LITERAL_NULL_CONVERSION = YES;
				CLANG_WARN_OBJC_IMPLICIT_RETAIN_SELF = YES;
				CLANG_WARN_OBJC_LITERAL_CONVERSION = YES;
				CLANG_WARN_OBJC_ROOT_CLASS = YES_ERROR;
				CLANG_WARN_RANGE_LOOP_ANALYSIS = YES;
				CLANG_WARN_STRICT_PROTOTYPES = YES;
				CLANG_WARN_SUSPICIOUS_MOVE = YES;
				CLANG_WARN_UNGUARDED_AVAILABILITY = YES_AGGRESSIVE;
				CLANG_WARN_UNREACHABLE_CODE = YES;
				CLANG_WARN__DUPLICATE_METHOD_MATCH = YES;
				COPY_PHASE_STRIP = NO;
				DEBUG_INFORMATION_FORMAT = dwarf;
				ENABLE_STRICT_OBJC_MSGSEND = YES;
				ENABLE_TESTABILITY = YES;
				GCC_C_LANGUAGE_STANDARD = gnu11;
				GCC_DYNAMIC_NO_PIC = NO;
				GCC_NO_COMMON_BLOCKS = YES;
				GCC_OPTIMIZATION_LEVEL = 0;
				GCC_PREPROCESSOR_DEFINITIONS = (
					"DEBUG=1",
					"$(inherited)",
				);
				GCC_WARN_64_TO_32_BIT_CONVERSION = YES;
				GCC_WARN_ABOUT_RETURN_TYPE = YES_ERROR;
				GCC_WARN_UNDECLARED_SELECTOR = YES;
				GCC_WARN_UNINITIALIZED_AUTOS = YES_AGGRESSIVE;
				GCC_WARN_UNUSED_FUNCTION = YES;
				GCC_WARN_UNUSED_VARIABLE = YES;
				IPHONEOS_DEPLOYMENT_TARGET = 13.2;
				MTL_ENABLE_DEBUG_INFO = INCLUDE_SOURCE;
				MTL_FAST_MATH = YES;
				ONLY_ACTIVE_ARCH = YES;
				SDKROOT = iphoneos;
				SWIFT_ACTIVE_COMPILATION_CONDITIONS = DEBUG;
				SWIFT_OPTIMIZATION_LEVEL = "-Onone";
			};
			name = Debug;
		};
		06FB18D023FE26B3009DA38B /* Release */ = {
			isa = XCBuildConfiguration;
			buildSettings = {
				ALWAYS_SEARCH_USER_PATHS = NO;
				CLANG_ANALYZER_NONNULL = YES;
				CLANG_ANALYZER_NUMBER_OBJECT_CONVERSION = YES_AGGRESSIVE;
				CLANG_CXX_LANGUAGE_STANDARD = "gnu++14";
				CLANG_CXX_LIBRARY = "libc++";
				CLANG_ENABLE_MODULES = YES;
				CLANG_ENABLE_OBJC_ARC = YES;
				CLANG_ENABLE_OBJC_WEAK = YES;
				CLANG_WARN_BLOCK_CAPTURE_AUTORELEASING = YES;
				CLANG_WARN_BOOL_CONVERSION = YES;
				CLANG_WARN_COMMA = YES;
				CLANG_WARN_CONSTANT_CONVERSION = YES;
				CLANG_WARN_DEPRECATED_OBJC_IMPLEMENTATIONS = YES;
				CLANG_WARN_DIRECT_OBJC_ISA_USAGE = YES_ERROR;
				CLANG_WARN_DOCUMENTATION_COMMENTS = YES;
				CLANG_WARN_EMPTY_BODY = YES;
				CLANG_WARN_ENUM_CONVERSION = YES;
				CLANG_WARN_INFINITE_RECURSION = YES;
				CLANG_WARN_INT_CONVERSION = YES;
				CLANG_WARN_NON_LITERAL_NULL_CONVERSION = YES;
				CLANG_WARN_OBJC_IMPLICIT_RETAIN_SELF = YES;
				CLANG_WARN_OBJC_LITERAL_CONVERSION = YES;
				CLANG_WARN_OBJC_ROOT_CLASS = YES_ERROR;
				CLANG_WARN_RANGE_LOOP_ANALYSIS = YES;
				CLANG_WARN_STRICT_PROTOTYPES = YES;
				CLANG_WARN_SUSPICIOUS_MOVE = YES;
				CLANG_WARN_UNGUARDED_AVAILABILITY = YES_AGGRESSIVE;
				CLANG_WARN_UNREACHABLE_CODE = YES;
				CLANG_WARN__DUPLICATE_METHOD_MATCH = YES;
				COPY_PHASE_STRIP = NO;
				DEBUG_INFORMATION_FORMAT = "dwarf-with-dsym";
				ENABLE_NS_ASSERTIONS = NO;
				ENABLE_STRICT_OBJC_MSGSEND = YES;
				GCC_C_LANGUAGE_STANDARD = gnu11;
				GCC_NO_COMMON_BLOCKS = YES;
				GCC_WARN_64_TO_32_BIT_CONVERSION = YES;
				GCC_WARN_ABOUT_RETURN_TYPE = YES_ERROR;
				GCC_WARN_UNDECLARED_SELECTOR = YES;
				GCC_WARN_UNINITIALIZED_AUTOS = YES_AGGRESSIVE;
				GCC_WARN_UNUSED_FUNCTION = YES;
				GCC_WARN_UNUSED_VARIABLE = YES;
				IPHONEOS_DEPLOYMENT_TARGET = 13.2;
				MTL_ENABLE_DEBUG_INFO = NO;
				MTL_FAST_MATH = YES;
				SDKROOT = iphoneos;
				SWIFT_COMPILATION_MODE = wholemodule;
				SWIFT_OPTIMIZATION_LEVEL = "-O";
				VALIDATE_PRODUCT = YES;
			};
			name = Release;
		};
		06FB18D223FE26B4009DA38B /* Debug */ = {
			isa = XCBuildConfiguration;
			buildSettings = {
				ASSETCATALOG_COMPILER_APPICON_NAME = AppIcon;
				CODE_SIGN_STYLE = Automatic;
				DEVELOPMENT_TEAM = 7DHDMMS529;
				INFOPLIST_FILE = RandomUserDemo/Info.plist;
				LD_RUNPATH_SEARCH_PATHS = (
					"$(inherited)",
					"@executable_path/Frameworks",
				);
				PRODUCT_BUNDLE_IDENTIFIER = com.Paresh.RandomUserDemo;
				PRODUCT_NAME = "$(TARGET_NAME)";
				SWIFT_VERSION = 5.0;
				TARGETED_DEVICE_FAMILY = "1,2";
			};
			name = Debug;
		};
		06FB18D323FE26B4009DA38B /* Release */ = {
			isa = XCBuildConfiguration;
			buildSettings = {
				ASSETCATALOG_COMPILER_APPICON_NAME = AppIcon;
				CODE_SIGN_STYLE = Automatic;
				DEVELOPMENT_TEAM = 7DHDMMS529;
				INFOPLIST_FILE = RandomUserDemo/Info.plist;
				LD_RUNPATH_SEARCH_PATHS = (
					"$(inherited)",
					"@executable_path/Frameworks",
				);
				PRODUCT_BUNDLE_IDENTIFIER = com.Paresh.RandomUserDemo;
				PRODUCT_NAME = "$(TARGET_NAME)";
				SWIFT_VERSION = 5.0;
				TARGETED_DEVICE_FAMILY = "1,2";
			};
			name = Release;
		};
		06FB18D523FE26B4009DA38B /* Debug */ = {
			isa = XCBuildConfiguration;
			buildSettings = {
				ALWAYS_EMBED_SWIFT_STANDARD_LIBRARIES = YES;
				BUNDLE_LOADER = "$(TEST_HOST)";
				CODE_SIGN_STYLE = Automatic;
				DEVELOPMENT_TEAM = 7DHDMMS529;
				INFOPLIST_FILE = RandomUserDemoTests/Info.plist;
				IPHONEOS_DEPLOYMENT_TARGET = 13.2;
				LD_RUNPATH_SEARCH_PATHS = (
					"$(inherited)",
					"@executable_path/Frameworks",
					"@loader_path/Frameworks",
				);
				PRODUCT_BUNDLE_IDENTIFIER = com.RandomUserDemoTests;
				PRODUCT_NAME = "$(TARGET_NAME)";
				SWIFT_VERSION = 5.0;
				TARGETED_DEVICE_FAMILY = "1,2";
				TEST_HOST = "$(BUILT_PRODUCTS_DIR)/RandomUserDemo.app/RandomUserDemo";
			};
			name = Debug;
		};
		06FB18D623FE26B4009DA38B /* Release */ = {
			isa = XCBuildConfiguration;
			buildSettings = {
				ALWAYS_EMBED_SWIFT_STANDARD_LIBRARIES = YES;
				BUNDLE_LOADER = "$(TEST_HOST)";
				CODE_SIGN_STYLE = Automatic;
				DEVELOPMENT_TEAM = 7DHDMMS529;
				INFOPLIST_FILE = RandomUserDemoTests/Info.plist;
				IPHONEOS_DEPLOYMENT_TARGET = 13.2;
				LD_RUNPATH_SEARCH_PATHS = (
					"$(inherited)",
					"@executable_path/Frameworks",
					"@loader_path/Frameworks",
				);
				PRODUCT_BUNDLE_IDENTIFIER = com.RandomUserDemoTests;
				PRODUCT_NAME = "$(TARGET_NAME)";
				SWIFT_VERSION = 5.0;
				TARGETED_DEVICE_FAMILY = "1,2";
				TEST_HOST = "$(BUILT_PRODUCTS_DIR)/RandomUserDemo.app/RandomUserDemo";
			};
			name = Release;
		};
		06FB18D823FE26B4009DA38B /* Debug */ = {
			isa = XCBuildConfiguration;
			buildSettings = {
				ALWAYS_EMBED_SWIFT_STANDARD_LIBRARIES = YES;
				CODE_SIGN_STYLE = Automatic;
				DEVELOPMENT_TEAM = 7DHDMMS529;
				INFOPLIST_FILE = RandomUserDemoUITests/Info.plist;
				LD_RUNPATH_SEARCH_PATHS = (
					"$(inherited)",
					"@executable_path/Frameworks",
					"@loader_path/Frameworks",
				);
				PRODUCT_BUNDLE_IDENTIFIER = com.RandomUserDemoUITests;
				PRODUCT_NAME = "$(TARGET_NAME)";
				SWIFT_VERSION = 5.0;
				TARGETED_DEVICE_FAMILY = "1,2";
				TEST_TARGET_NAME = RandomUserDemo;
			};
			name = Debug;
		};
		06FB18D923FE26B4009DA38B /* Release */ = {
			isa = XCBuildConfiguration;
			buildSettings = {
				ALWAYS_EMBED_SWIFT_STANDARD_LIBRARIES = YES;
				CODE_SIGN_STYLE = Automatic;
				DEVELOPMENT_TEAM = 7DHDMMS529;
				INFOPLIST_FILE = RandomUserDemoUITests/Info.plist;
				LD_RUNPATH_SEARCH_PATHS = (
					"$(inherited)",
					"@executable_path/Frameworks",
					"@loader_path/Frameworks",
				);
				PRODUCT_BUNDLE_IDENTIFIER = com.RandomUserDemoUITests;
				PRODUCT_NAME = "$(TARGET_NAME)";
				SWIFT_VERSION = 5.0;
				TARGETED_DEVICE_FAMILY = "1,2";
				TEST_TARGET_NAME = RandomUserDemo;
			};
			name = Release;
		};
/* End XCBuildConfiguration section */

/* Begin XCConfigurationList section */
		06FB189F23FE26AB009DA38B /* Build configuration list for PBXProject "RandomUserDemo" */ = {
			isa = XCConfigurationList;
			buildConfigurations = (
				06FB18CF23FE26B3009DA38B /* Debug */,
				06FB18D023FE26B3009DA38B /* Release */,
			);
			defaultConfigurationIsVisible = 0;
			defaultConfigurationName = Release;
		};
		06FB18D123FE26B4009DA38B /* Build configuration list for PBXNativeTarget "RandomUserDemo" */ = {
			isa = XCConfigurationList;
			buildConfigurations = (
				06FB18D223FE26B4009DA38B /* Debug */,
				06FB18D323FE26B4009DA38B /* Release */,
			);
			defaultConfigurationIsVisible = 0;
			defaultConfigurationName = Release;
		};
		06FB18D423FE26B4009DA38B /* Build configuration list for PBXNativeTarget "RandomUserDemoTests" */ = {
			isa = XCConfigurationList;
			buildConfigurations = (
				06FB18D523FE26B4009DA38B /* Debug */,
				06FB18D623FE26B4009DA38B /* Release */,
			);
			defaultConfigurationIsVisible = 0;
			defaultConfigurationName = Release;
		};
		06FB18D723FE26B4009DA38B /* Build configuration list for PBXNativeTarget "RandomUserDemoUITests" */ = {
			isa = XCConfigurationList;
			buildConfigurations = (
				06FB18D823FE26B4009DA38B /* Debug */,
				06FB18D923FE26B4009DA38B /* Release */,
			);
			defaultConfigurationIsVisible = 0;
			defaultConfigurationName = Release;
		};
/* End XCConfigurationList section */

/* Begin XCVersionGroup section */
		06FB18B023FE26AC009DA38B /* RandomUserDemo.xcdatamodeld */ = {
			isa = XCVersionGroup;
			children = (
				06FB18B123FE26AC009DA38B /* RandomUserDemo.xcdatamodel */,
			);
			currentVersion = 06FB18B123FE26AC009DA38B /* RandomUserDemo.xcdatamodel */;
			path = RandomUserDemo.xcdatamodeld;
			sourceTree = "<group>";
			versionGroupType = wrapper.xcdatamodel;
		};
/* End XCVersionGroup section */
	};
	rootObject = 06FB189C23FE26AB009DA38B /* Project object */;
}
